
Microsoft Visual Studio Solution File, Format Version 12.00
# Visual Studio Version 17
VisualStudioVersion = 17.0.31912.275
MinimumVisualStudioVersion = 10.0.40219.1
Project("{FAE04EC0-301F-11D3-BF4B-00C04F79EFBC}") = "ListaOsob", "ListaOsob\ListaOsob.csproj", "{0ED6A6F4-27BF-453F-9732-85D488B643B5}"
EndProject
Global
	GlobalSection(SolutionConfigurationPlatforms) = preSolution
		Debug|Any CPU = Debug|Any CPU
		Release|Any CPU = Release|Any CPU
	EndGlobalSection
	GlobalSection(ProjectConfigurationPlatforms) = postSolution
		{0ED6A6F4-27BF-453F-9732-85D488B643B5}.Debug|Any CPU.ActiveCfg = Debug|Any CPU
		{0ED6A6F4-27BF-453F-9732-85D488B643B5}.Debug|Any CPU.Build.0 = Debug|Any CPU
		{0ED6A6F4-27BF-453F-9732-85D488B643B5}.Release|Any CPU.ActiveCfg = Release|Any CPU
		{0ED6A6F4-27BF-453F-9732-85D488B643B5}.Release|Any CPU.Build.0 = Release|Any CPU
	EndGlobalSection
	GlobalSection(SolutionProperties) = preSolution
		HideSolutionNode = FALSE
	EndGlobalSection
	GlobalSection(ExtensibilityGlobals) = postSolution
		SolutionGuid = {73E6882A-F885-4C43-B2CD-8D13ED5331D3}
	EndGlobalSection
EndGlobal
